// !$*UTF8*$!
{
	archiveVersion = 1;
	classes = {
	};
	objectVersion = 46;
	objects = {

/* Begin PBXBuildFile section */
		C30B8CAE16AFA36C008E97E4 /* UIKit.framework in Frameworks */ = {isa = PBXBuildFile; fileRef = C30B8CAD16AFA36C008E97E4 /* UIKit.framework */; };
		C30B8CB016AFA36C008E97E4 /* Foundation.framework in Frameworks */ = {isa = PBXBuildFile; fileRef = C30B8CAF16AFA36C008E97E4 /* Foundation.framework */; };
		C30B8CB216AFA36C008E97E4 /* CoreGraphics.framework in Frameworks */ = {isa = PBXBuildFile; fileRef = C30B8CB116AFA36C008E97E4 /* CoreGraphics.framework */; };
		C30B8CB816AFA36C008E97E4 /* InfoPlist.strings in Resources */ = {isa = PBXBuildFile; fileRef = C30B8CB616AFA36C008E97E4 /* InfoPlist.strings */; };
		C30B8CBA16AFA36C008E97E4 /* main.m in Sources */ = {isa = PBXBuildFile; fileRef = C30B8CB916AFA36C008E97E4 /* main.m */; };
		C30B8CBE16AFA36C008E97E4 /* TCP55AppDelegate.m in Sources */ = {isa = PBXBuildFile; fileRef = C30B8CBD16AFA36C008E97E4 /* TCP55AppDelegate.m */; };
		C30B8CC016AFA36C008E97E4 /* Default.png in Resources */ = {isa = PBXBuildFile; fileRef = C30B8CBF16AFA36C008E97E4 /* Default.png */; };
		C30B8CC216AFA36C008E97E4 /* Default@2x.png in Resources */ = {isa = PBXBuildFile; fileRef = C30B8CC116AFA36C008E97E4 /* Default@2x.png */; };
		C30B8CC416AFA36C008E97E4 /* Default-568h@2x.png in Resources */ = {isa = PBXBuildFile; fileRef = C30B8CC316AFA36C008E97E4 /* Default-568h@2x.png */; };
		C30B8CC716AFA36C008E97E4 /* TCP55ViewController.m in Sources */ = {isa = PBXBuildFile; fileRef = C30B8CC616AFA36C008E97E4 /* TCP55ViewController.m */; };
		C30B8CCA16AFA36C008E97E4 /* TCP55ViewController.xib in Resources */ = {isa = PBXBuildFile; fileRef = C30B8CC816AFA36C008E97E4 /* TCP55ViewController.xib */; };
/* End PBXBuildFile section */

/* Begin PBXFileReference section */
		C30B8CA916AFA36C008E97E4 /* AnimationRyu.app */ = {isa = PBXFileReference; explicitFileType = wrapper.application; includeInIndex = 0; path = AnimationRyu.app; sourceTree = BUILT_PRODUCTS_DIR; };
		C30B8CAD16AFA36C008E97E4 /* UIKit.framework */ = {isa = PBXFileReference; lastKnownFileType = wrapper.framework; name = UIKit.framework; path = System/Library/Frameworks/UIKit.framework; sourceTree = SDKROOT; };
		C30B8CAF16AFA36C008E97E4 /* Foundation.framework */ = {isa = PBXFileReference; lastKnownFileType = wrapper.framework; name = Foundation.framework; path = System/Library/Frameworks/Foundation.framework; sourceTree = SDKROOT; };
		C30B8CB116AFA36C008E97E4 /* CoreGraphics.framework */ = {isa = PBXFileReference; lastKnownFileType = wrapper.framework; name = CoreGraphics.framework; path = System/Library/Frameworks/CoreGraphics.framework; sourceTree = SDKROOT; };
		C30B8CB516AFA36C008E97E4 /* AnimationRyu-Info.plist */ = {isa = PBXFileReference; lastKnownFileType = text.plist.xml; path = "AnimationRyu-Info.plist"; sourceTree = "<group>"; };
		C30B8CB716AFA36C008E97E4 /* en */ = {isa = PBXFileReference; lastKnownFileType = text.plist.strings; name = en; path = en.lproj/InfoPlist.strings; sourceTree = "<group>"; };
		C30B8CB916AFA36C008E97E4 /* main.m */ = {isa = PBXFileReference; lastKnownFileType = sourcecode.c.objc; path = main.m; sourceTree = "<group>"; };
		C30B8CBB16AFA36C008E97E4 /* AnimationRyu-Prefix.pch */ = {isa = PBXFileReference; lastKnownFileType = sourcecode.c.h; path = "AnimationRyu-Prefix.pch"; sourceTree = "<group>"; };
		C30B8CBC16AFA36C008E97E4 /* TCP55AppDelegate.h */ = {isa = PBXFileReference; lastKnownFileType = sourcecode.c.h; path = TCP55AppDelegate.h; sourceTree = "<group>"; };
		C30B8CBD16AFA36C008E97E4 /* TCP55AppDelegate.m */ = {isa = PBXFileReference; lastKnownFileType = sourcecode.c.objc; path = TCP55AppDelegate.m; sourceTree = "<group>"; };
		C30B8CBF16AFA36C008E97E4 /* Default.png */ = {isa = PBXFileReference; lastKnownFileType = image.png; path = Default.png; sourceTree = "<group>"; };
		C30B8CC116AFA36C008E97E4 /* Default@2x.png */ = {isa = PBXFileReference; lastKnownFileType = image.png; path = "Default@2x.png"; sourceTree = "<group>"; };
		C30B8CC316AFA36C008E97E4 /* Default-568h@2x.png */ = {isa = PBXFileReference; lastKnownFileType = image.png; path = "Default-568h@2x.png"; sourceTree = "<group>"; };
		C30B8CC516AFA36C008E97E4 /* TCP55ViewController.h */ = {isa = PBXFileReference; lastKnownFileType = sourcecode.c.h; path = TCP55ViewController.h; sourceTree = "<group>"; };
		C30B8CC616AFA36C008E97E4 /* TCP55ViewController.m */ = {isa = PBXFileReference; lastKnownFileType = sourcecode.c.objc; path = TCP55ViewController.m; sourceTree = "<group>"; };
		C30B8CC916AFA36C008E97E4 /* en */ = {isa = PBXFileReference; lastKnownFileType = file.xib; name = en; path = en.lproj/TCP55ViewController.xib; sourceTree = "<group>"; };
/* End PBXFileReference section */

/* Begin PBXFrameworksBuildPhase section */
		C30B8CA616AFA36C008E97E4 /* Frameworks */ = {
			isa = PBXFrameworksBuildPhase;
			buildActionMask = 2147483647;
			files = (
				C30B8CAE16AFA36C008E97E4 /* UIKit.framework in Frameworks */,
				C30B8CB016AFA36C008E97E4 /* Foundation.framework in Frameworks */,
				C30B8CB216AFA36C008E97E4 /* CoreGraphics.framework in Frameworks */,
			);
			runOnlyForDeploymentPostprocessing = 0;
		};
/* End PBXFrameworksBuildPhase section */

/* Begin PBXGroup section */
		C30B8C9E16AFA36C008E97E4 = {
			isa = PBXGroup;
			children = (
				C30B8CB316AFA36C008E97E4 /* AnimationRyu */,
				C30B8CAC16AFA36C008E97E4 /* Frameworks */,
				C30B8CAA16AFA36C008E97E4 /* Products */,
			);
			sourceTree = "<group>";
		};
		C30B8CAA16AFA36C008E97E4 /* Products */ = {
			isa = PBXGroup;
			children = (
				C30B8CA916AFA36C008E97E4 /* AnimationRyu.app */,
			);
			name = Products;
			sourceTree = "<group>";
		};
		C30B8CAC16AFA36C008E97E4 /* Frameworks */ = {
			isa = PBXGroup;
			children = (
				C30B8CAD16AFA36C008E97E4 /* UIKit.framework */,
				C30B8CAF16AFA36C008E97E4 /* Foundation.framework */,
				C30B8CB116AFA36C008E97E4 /* CoreGraphics.framework */,
			);
			name = Frameworks;
			sourceTree = "<group>";
		};
		C30B8CB316AFA36C008E97E4 /* AnimationRyu */ = {
			isa = PBXGroup;
			children = (
				C30B8CBC16AFA36C008E97E4 /* TCP55AppDelegate.h */,
				C30B8CBD16AFA36C008E97E4 /* TCP55AppDelegate.m */,
				C30B8CC516AFA36C008E97E4 /* TCP55ViewController.h */,
				C30B8CC616AFA36C008E97E4 /* TCP55ViewController.m */,
				C30B8CC816AFA36C008E97E4 /* TCP55ViewController.xib */,
				C30B8CB416AFA36C008E97E4 /* Supporting Files */,
			);
			path = AnimationRyu;
			sourceTree = "<group>";
		};
		C30B8CB416AFA36C008E97E4 /* Supporting Files */ = {
			isa = PBXGroup;
			children = (
				C30B8CB516AFA36C008E97E4 /* AnimationRyu-Info.plist */,
				C30B8CB616AFA36C008E97E4 /* InfoPlist.strings */,
				C30B8CB916AFA36C008E97E4 /* main.m */,
				C30B8CBB16AFA36C008E97E4 /* AnimationRyu-Prefix.pch */,
				C30B8CBF16AFA36C008E97E4 /* Default.png */,
				C30B8CC116AFA36C008E97E4 /* Default@2x.png */,
				C30B8CC316AFA36C008E97E4 /* Default-568h@2x.png */,
			);
			name = "Supporting Files";
			sourceTree = "<group>";
		};
/* End PBXGroup section */

/* Begin PBXNativeTarget section */
		C30B8CA816AFA36C008E97E4 /* AnimationRyu */ = {
			isa = PBXNativeTarget;
			buildConfigurationList = C30B8CCD16AFA36C008E97E4 /* Build configuration list for PBXNativeTarget "AnimationRyu" */;
			buildPhases = (
				C30B8CA516AFA36C008E97E4 /* Sources */,
				C30B8CA616AFA36C008E97E4 /* Frameworks */,
				C30B8CA716AFA36C008E97E4 /* Resources */,
			);
			buildRules = (
			);
			dependencies = (
			);
			name = AnimationRyu;
			productName = AnimationRyu;
			productReference = C30B8CA916AFA36C008E97E4 /* AnimationRyu.app */;
			productType = "com.apple.product-type.application";
		};
/* End PBXNativeTarget section */

/* Begin PBXProject section */
		C30B8CA016AFA36C008E97E4 /* Project object */ = {
			isa = PBXProject;
			attributes = {
				CLASSPREFIX = TCP55;
				LastUpgradeCheck = 0450;
				ORGANIZATIONNAME = "Cindy Flores";
			};
			buildConfigurationList = C30B8CA316AFA36C008E97E4 /* Build configuration list for PBXProject "AnimationRyu" */;
			compatibilityVersion = "Xcode 3.2";
			developmentRegion = English;
			hasScannedForEncodings = 0;
			knownRegions = (
				en,
			);
			mainGroup = C30B8C9E16AFA36C008E97E4;
			productRefGroup = C30B8CAA16AFA36C008E97E4 /* Products */;
			projectDirPath = "";
			projectRoot = "";
			targets = (
				C30B8CA816AFA36C008E97E4 /* AnimationRyu */,
			);
		};
/* End PBXProject section */

/* Begin PBXResourcesBuildPhase section */
		C30B8CA716AFA36C008E97E4 /* Resources */ = {
			isa = PBXResourcesBuildPhase;
			buildActionMask = 2147483647;
			files = (
				C30B8CB816AFA36C008E97E4 /* InfoPlist.strings in Resources */,
				C30B8CC016AFA36C008E97E4 /* Default.png in Resources */,
				C30B8CC216AFA36C008E97E4 /* Default@2x.png in Resources */,
				C30B8CC416AFA36C008E97E4 /* Default-568h@2x.png in Resources */,
				C30B8CCA16AFA36C008E97E4 /* TCP55ViewController.xib in Resources */,
			);
			runOnlyForDeploymentPostprocessing = 0;
		};
/* End PBXResourcesBuildPhase section */

/* Begin PBXSourcesBuildPhase section */
		C30B8CA516AFA36C008E97E4 /* Sources */ = {
			isa = PBXSourcesBuildPhase;
			buildActionMask = 2147483647;
			files = (
				C30B8CBA16AFA36C008E97E4 /* main.m in Sources */,
				C30B8CBE16AFA36C008E97E4 /* TCP55AppDelegate.m in Sources */,
				C30B8CC716AFA36C008E97E4 /* TCP55ViewController.m in Sources */,
			);
			runOnlyForDeploymentPostprocessing = 0;
		};
/* End PBXSourcesBuildPhase section */

/* Begin PBXVariantGroup section */
		C30B8CB616AFA36C008E97E4 /* InfoPlist.strings */ = {
			isa = PBXVariantGroup;
			children = (
				C30B8CB716AFA36C008E97E4 /* en */,
			);
			name = InfoPlist.strings;
			sourceTree = "<group>";
		};
		C30B8CC816AFA36C008E97E4 /* TCP55ViewController.xib */ = {
			isa = PBXVariantGroup;
			children = (
				C30B8CC916AFA36C008E97E4 /* en */,
			);
			name = TCP55ViewController.xib;
			sourceTree = "<group>";
		};
/* End PBXVariantGroup section */

/* Begin XCBuildConfiguration section */
		C30B8CCB16AFA36C008E97E4 /* Debug */ = {
			isa = XCBuildConfiguration;
			buildSettings = {
				ALWAYS_SEARCH_USER_PATHS = NO;
				CLANG_CXX_LANGUAGE_STANDARD = "gnu++0x";
				CLANG_CXX_LIBRARY = "libc++";
				CLANG_ENABLE_OBJC_ARC = YES;
				CLANG_WARN_EMPTY_BODY = YES;
				CLANG_WARN__DUPLICATE_METHOD_MATCH = YES;
				"CODE_SIGN_IDENTITY[sdk=iphoneos*]" = "iPhone Developer";
				COPY_PHASE_STRIP = NO;
				GCC_C_LANGUAGE_STANDARD = gnu99;
				GCC_DYNAMIC_NO_PIC = NO;
				GCC_OPTIMIZATION_LEVEL = 0;
				GCC_PREPROCESSOR_DEFINITIONS = (
					"DEBUG=1",
					"$(inherited)",
				);
				GCC_SYMBOLS_PRIVATE_EXTERN = NO;
				GCC_WARN_ABOUT_RETURN_TYPE = YES;
				GCC_WARN_UNINITIALIZED_AUTOS = YES;
				GCC_WARN_UNUSED_VARIABLE = YES;
				IPHONEOS_DEPLOYMENT_TARGET = 6.0;
				ONLY_ACTIVE_ARCH = YES;
				SDKROOT = iphoneos;
			};
			name = Debug;
		};
		C30B8CCC16AFA36C008E97E4 /* Release */ = {
			isa = XCBuildConfiguration;
			buildSettings = {
				ALWAYS_SEARCH_USER_PATHS = NO;
				CLANG_CXX_LANGUAGE_STANDARD = "gnu++0x";
				CLANG_CXX_LIBRARY = "libc++";
				CLANG_ENABLE_OBJC_ARC = YES;
				CLANG_WARN_EMPTY_BODY = YES;
				CLANG_WARN__DUPLICATE_METHOD_MATCH = YES;
				"CODE_SIGN_IDENTITY[sdk=iphoneos*]" = "iPhone Developer";
				COPY_PHASE_STRIP = YES;
				GCC_C_LANGUAGE_STANDARD = gnu99;
				GCC_WARN_ABOUT_RETURN_TYPE = YES;
				GCC_WARN_UNINITIALIZED_AUTOS = YES;
				GCC_WARN_UNUSED_VARIABLE = YES;
				IPHONEOS_DEPLOYMENT_TARGET = 6.0;
				OTHER_CFLAGS = "-DNS_BLOCK_ASSERTIONS=1";
				SDKROOT = iphoneos;
				VALIDATE_PRODUCT = YES;
			};
			name = Release;
		};
		C30B8CCE16AFA36C008E97E4 /* Debug */ = {
			isa = XCBuildConfiguration;
			buildSettings = {
				GCC_PRECOMPILE_PREFIX_HEADER = YES;
				GCC_PREFIX_HEADER = "AnimationRyu/AnimationRyu-Prefix.pch";
				INFOPLIST_FILE = "AnimationRyu/AnimationRyu-Info.plist";
				PRODUCT_NAME = "$(TARGET_NAME)";
				WRAPPER_EXTENSION = app;
			};
			name = Debug;
		};
		C30B8CCF16AFA36C008E97E4 /* Release */ = {
			isa = XCBuildConfiguration;
			buildSettings = {
				GCC_PRECOMPILE_PREFIX_HEADER = YES;
				GCC_PREFIX_HEADER = "AnimationRyu/AnimationRyu-Prefix.pch";
				INFOPLIST_FILE = "AnimationRyu/AnimationRyu-Info.plist";
				PRODUCT_NAME = "$(TARGET_NAME)";
				WRAPPER_EXTENSION = app;
			};
			name = Release;
		};
/* End XCBuildConfiguration section */

/* Begin XCConfigurationList section */
		C30B8CA316AFA36C008E97E4 /* Build configuration list for PBXProject "AnimationRyu" */ = {
			isa = XCConfigurationList;
			buildConfigurations = (
				C30B8CCB16AFA36C008E97E4 /* Debug */,
				C30B8CCC16AFA36C008E97E4 /* Release */,
			);
			defaultConfigurationIsVisible = 0;
			defaultConfigurationName = Release;
		};
		C30B8CCD16AFA36C008E97E4 /* Build configuration list for PBXNativeTarget "AnimationRyu" */ = {
			isa = XCConfigurationList;
			buildConfigurations = (
				C30B8CCE16AFA36C008E97E4 /* Debug */,
				C30B8CCF16AFA36C008E97E4 /* Release */,
			);
			defaultConfigurationIsVisible = 0;
		};
/* End XCConfigurationList section */
	};
	rootObject = C30B8CA016AFA36C008E97E4 /* Project object */;
}
